
Microsoft Visual Studio Solution File, Format Version 12.00
# Visual Studio 15
VisualStudioVersion = 15.0.27703.2042
MinimumVisualStudioVersion = 10.0.40219.1
Project("{FAE04EC0-301F-11D3-BF4B-00C04F79EFBC}") = "SQLSupportedTool", "SQLSupportedTool\SQLSupportedTool.csproj", "{8EE5DF37-63E0-41D7-A569-1A7079D29451}"
EndProject
Project("{FAE04EC0-301F-11D3-BF4B-00C04F79EFBC}") = "LibCommon", "LibCommon\LibCommon.csproj", "{2FF2A8F5-06C4-431A-A533-9A3525B933E5}"
EndProject
Project("{FAE04EC0-301F-11D3-BF4B-00C04F79EFBC}") = "LibPluginManagerment", "LibPluginManagerment\LibPluginManagerment.csproj", "{BE7C643E-AA71-411A-915B-50AC9FA807F7}"
EndProject
Project("{FAE04EC0-301F-11D3-BF4B-00C04F79EFBC}") = "PluginHumanResourceManagerment", "PluginHumanResourceManagerment\PluginHumanResourceManagerment.csproj", "{B3CDB125-A1D9-4528-8EF5-4E679B2EA31A}"
EndProject
Global
	GlobalSection(SolutionConfigurationPlatforms) = preSolution
		Debug|Any CPU = Debug|Any CPU
		Release|Any CPU = Release|Any CPU
	EndGlobalSection
	GlobalSection(ProjectConfigurationPlatforms) = postSolution
		{8EE5DF37-63E0-41D7-A569-1A7079D29451}.Debug|Any CPU.ActiveCfg = Debug|Any CPU
		{8EE5DF37-63E0-41D7-A569-1A7079D29451}.Debug|Any CPU.Build.0 = Debug|Any CPU
		{8EE5DF37-63E0-41D7-A569-1A7079D29451}.Release|Any CPU.ActiveCfg = Release|Any CPU
		{8EE5DF37-63E0-41D7-A569-1A7079D29451}.Release|Any CPU.Build.0 = Release|Any CPU
		{2FF2A8F5-06C4-431A-A533-9A3525B933E5}.Debug|Any CPU.ActiveCfg = Debug|Any CPU
		{2FF2A8F5-06C4-431A-A533-9A3525B933E5}.Debug|Any CPU.Build.0 = Debug|Any CPU
		{2FF2A8F5-06C4-431A-A533-9A3525B933E5}.Release|Any CPU.ActiveCfg = Release|Any CPU
		{2FF2A8F5-06C4-431A-A533-9A3525B933E5}.Release|Any CPU.Build.0 = Release|Any CPU
		{BE7C643E-AA71-411A-915B-50AC9FA807F7}.Debug|Any CPU.ActiveCfg = Debug|Any CPU
		{BE7C643E-AA71-411A-915B-50AC9FA807F7}.Debug|Any CPU.Build.0 = Debug|Any CPU
		{BE7C643E-AA71-411A-915B-50AC9FA807F7}.Release|Any CPU.ActiveCfg = Release|Any CPU
		{BE7C643E-AA71-411A-915B-50AC9FA807F7}.Release|Any CPU.Build.0 = Release|Any CPU
		{B3CDB125-A1D9-4528-8EF5-4E679B2EA31A}.Debug|Any CPU.ActiveCfg = Debug|Any CPU
		{B3CDB125-A1D9-4528-8EF5-4E679B2EA31A}.Debug|Any CPU.Build.0 = Debug|Any CPU
		{B3CDB125-A1D9-4528-8EF5-4E679B2EA31A}.Release|Any CPU.ActiveCfg = Release|Any CPU
		{B3CDB125-A1D9-4528-8EF5-4E679B2EA31A}.Release|Any CPU.Build.0 = Release|Any CPU
	EndGlobalSection
	GlobalSection(SolutionProperties) = preSolution
		HideSolutionNode = FALSE
	EndGlobalSection
	GlobalSection(ExtensibilityGlobals) = postSolution
		SolutionGuid = {ECA6F5F7-7D5A-47EB-A456-F7600BCC484C}
	EndGlobalSection
EndGlobal
